
Microsoft Visual Studio Solution File, Format Version 12.00
# Visual Studio Version 17
VisualStudioVersion = 17.11.35219.272
MinimumVisualStudioVersion = 10.0.40219.1
Project("{8BC9CEB8-8B4A-11D0-8D11-00A0C91BC942}") = "Project2", "Project2\Project2.vcxproj", "{B20F85B4-526F-44FA-ABD5-FA2CBC9D72E5}"
EndProject
Global
	GlobalSection(SolutionConfigurationPlatforms) = preSolution
		Debug|x64 = Debug|x64
		Debug|x86 = Debug|x86
		Release|x64 = Release|x64
		Release|x86 = Release|x86
	EndGlobalSection
	GlobalSection(ProjectConfigurationPlatforms) = postSolution
		{B20F85B4-526F-44FA-ABD5-FA2CBC9D72E5}.Debug|x64.ActiveCfg = Debug|x64
		{B20F85B4-526F-44FA-ABD5-FA2CBC9D72E5}.Debug|x64.Build.0 = Debug|x64
		{B20F85B4-526F-44FA-ABD5-FA2CBC9D72E5}.Debug|x86.ActiveCfg = Debug|Win32
		{B20F85B4-526F-44FA-ABD5-FA2CBC9D72E5}.Debug|x86.Build.0 = Debug|Win32
		{B20F85B4-526F-44FA-ABD5-FA2CBC9D72E5}.Release|x64.ActiveCfg = Release|x64
		{B20F85B4-526F-44FA-ABD5-FA2CBC9D72E5}.Release|x64.Build.0 = Release|x64
		{B20F85B4-526F-44FA-ABD5-FA2CBC9D72E5}.Release|x86.ActiveCfg = Release|Win32
		{B20F85B4-526F-44FA-ABD5-FA2CBC9D72E5}.Release|x86.Build.0 = Release|Win32
	EndGlobalSection
	GlobalSection(SolutionProperties) = preSolution
		HideSolutionNode = FALSE
	EndGlobalSection
	GlobalSection(ExtensibilityGlobals) = postSolution
		SolutionGuid = {BBC073E0-CEAB-40EA-8918-DA604BF1CAFA}
	EndGlobalSection
EndGlobal
